<?xml version="1.0" encoding="utf-8"?>
<Project ToolsVersion="4.0" xmlns="http://schemas.microsoft.com/developer/msbuild/2003">
  <ItemGroup>
    <Filter Include="Source Files">
      <UniqueIdentifier>{4FC737F1-C7A5-4376-A066-2A32D752A2FF}</UniqueIdentifier>
      <Extensions>cpp;c;cc;cxx;def;odl;idl;hpj;bat;asm;asmx</Extensions>
    </Filter>
    <Filter Include="Header Files">
      <UniqueIdentifier>{93995380-89BD-4b04-88EB-625FBE52EBFB}</UniqueIdentifier>
      <Extensions>h;hh;hpp;hxx;hm;inl;inc;xsd</Extensions>
    </Filter>
    <Filter Include="Resource Files">
      <UniqueIdentifier>{67DA6AB6-F800-4c08-8B7A-83BB121AAD01}</UniqueIdentifier>
      <Extensions>rc;ico;cur;bmp;dlg;rc2;rct;bin;rgs;gif;jpg;jpeg;jpe;resx;tiff;tif;png;wav;mfcribbon-ms</Extensions>
    </Filter>
  </ItemGroup>
  <ItemGroup>
    <ClCompile Include="simulator.cpp">
      <Filter>Source Files</Filter>
    </ClCompile>
    <ClCompile Include="vants.cpp">
      <Filter>Source Files</Filter>
    </ClCompile>
    <ClCompile Include="Sensor.cpp">
      <Filter>Source Files</Filter>
    </ClCompile>
    <ClCompile Include="server.cpp">
      <Filter>Source Files</Filter>
    </ClCompile>
    <ClCompile Include="Grafo.cpp">
      <Filter>Source Files</Filter>
    </ClCompile>
  </ItemGroup>
  <ItemGroup>
    <ClInclude Include="simulator.h">
      <Filter>Header Files</Filter>
    </ClInclude>
    <ClInclude Include="helpers.h">
      <Filter>Header Files</Filter>
    </ClInclude>
    <ClInclude Include="resource.h">
      <Filter>Header Files</Filter>
    </ClInclude>
    <ClInclude Include="resource1.h">
      <Filter>Header Files</Filter>
    </ClInclude>
    <ClInclude Include="Sensor.h">
      <Filter>Header Files</Filter>
    </ClInclude>
    <ClInclude Include="server.h">
      <Filter>Header Files</Filter>
    </ClInclude>
    <ClInclude Include="vants.h">
      <Filter>Header Files</Filter>
    </ClInclude>
    <ClInclude Include="Grafo.h">
      <Filter>Header Files</Filter>
    </ClInclude>
  </ItemGroup>
  <ItemGroup>
    <Image Include="message.png">
      <Filter>Resource Files</Filter>
    </Image>
    <Image Include="uav_Vsmall.png">
      <Filter>Resource Files</Filter>
    </Image>
    <Image Include="message_Small.png">
      <Filter>Resource Files</Filter>
    </Image>
    <Image Include="s1bc.png">
      <Filter>Resource Files</Filter>
    </Image>
    <Image Include="sensorT.png">
      <Filter>Resource Files</Filter>
    </Image>
    <Image Include="uav_Medium_Black.png">
      <Filter>Resource Files</Filter>
    </Image>
    <Image Include="s1sleep.png">
      <Filter>Resource Files</Filter>
    </Image>
    <Image Include="Images\server.png">
      <Filter>Resource Files</Filter>
    </Image>
    <Image Include="Images\divide.png">
      <Filter>Resource Files</Filter>
    </Image>
    <Image Include="Images\scenario.png">
      <Filter>Resource Files</Filter>
    </Image>
    <Image Include="Images\refresh.png">
      <Filter>Resource Files</Filter>
    </Image>
    <Image Include="Images\Wt.png">
      <Filter>Resource Files</Filter>
    </Image>
    <Image Include="Images\deltaT.png">
      <Filter>Resource Files</Filter>
    </Image>
    <Image Include="Images\server3.png">
      <Filter>Resource Files</Filter>
    </Image>
    <Image Include="Images\timer.png">
      <Filter>Resource Files</Filter>
    </Image>
    <Image Include="Images\save.png">
      <Filter>Resource Files</Filter>
    </Image>
    <Image Include="Images\open-folder.png">
      <Filter>Resource Files</Filter>
    </Image>
    <Image Include="Images\Open-file-icon.png">
      <Filter>Resource Files</Filter>
    </Image>
    <Image Include="Images\downArrow.png">
      <Filter>Resource Files</Filter>
    </Image>
    <Image Include="Images\filter-icon.png">
      <Filter>Resource Files</Filter>
    </Image>
    <Image Include="Images\log-512.png">
      <Filter>Resource Files</Filter>
    </Image>
    <Image Include="Images\openFile.png">
      <Filter>Resource Files</Filter>
    </Image>
    <Image Include="Images\bcTimer.png">
      <Filter>Resource Files</Filter>
    </Image>
    <Image Include="Images\serverM.png">
      <Filter>Resource Files</Filter>
    </Image>
    <Image Include="Images\zzz.png">
      <Filter>Resource Files</Filter>
    </Image>
    <Image Include="Images\targetStop.png">
      <Filter>Resource Files</Filter>
    </Image>
    <Image Include="Images\ssr.png">
      <Filter>Resource Files</Filter>
    </Image>
    <Image Include="Images\uavts.png">
      <Filter>Resource Files</Filter>
    </Image>
    <Image Include="Images\clearOutput.png">
      <Filter>Resource Files</Filter>
    </Image>
    <Image Include="Images\copy-512.png">
      <Filter>Resource Files</Filter>
    </Image>
    <Image Include="Images\msg.png">
      <Filter>Resource Files</Filter>
    </Image>
    <Image Include="Images\bug-512.png">
      <Filter>Resource Files</Filter>
    </Image>
    <Image Include="Images\move_copy_message.png">
      <Filter>Resource Files</Filter>
    </Image>
    <Image Include="Images\speed.png">
      <Filter>Resource Files</Filter>
    </Image>
    <Image Include="Images\down.png">
      <Filter>Resource Files</Filter>
    </Image>
    <Image Include="Images\up.png">
      <Filter>Resource Files</Filter>
    </Image>
    <Image Include="Images\draw.png">
      <Filter>Resource Files</Filter>
    </Image>
    <Image Include="Images\RecPath.png">
      <Filter>Resource Files</Filter>
    </Image>
    <Image Include="Images\target.png">
      <Filter>Resource Files</Filter>
    </Image>
    <Image Include="Images\info.png">
      <Filter>Resource Files</Filter>
    </Image>
    <Image Include="Images\RStop.png">
      <Filter>Resource Files</Filter>
    </Image>
    <Image Include="Images\GPlay.png">
      <Filter>Resource Files</Filter>
    </Image>
    <Image Include="Images\reset.png">
      <Filter>Resource Files</Filter>
    </Image>
    <Image Include="Images\s1sleep.png">
      <Filter>Resource Files</Filter>
    </Image>
    <Image Include="Images\s1bc.png">
      <Filter>Resource Files</Filter>
    </Image>
    <Image Include="Images\uav.png">
      <Filter>Resource Files</Filter>
    </Image>
    <Image Include="Images\message.png">
      <Filter>Resource Files</Filter>
    </Image>
    <Image Include="Images\message_Small.png">
      <Filter>Resource Files</Filter>
    </Image>
    <Image Include="Images\stop.png">
      <Filter>Resource Files</Filter>
    </Image>
    <Image Include="Images\play.png">
      <Filter>Resource Files</Filter>
    </Image>
    <Image Include="Images\uav_Medium_Black.png">
      <Filter>Resource Files</Filter>
    </Image>
    <Image Include="Images\uav_Small_Blue.png">
      <Filter>Resource Files</Filter>
    </Image>
    <Image Include="Images\sensorT.png">
      <Filter>Resource Files</Filter>
    </Image>
  </ItemGroup>
  <ItemGroup>
    <EmbeddedResource Include="simulator.resx">
      <Filter>Resource Files</Filter>
    </EmbeddedResource>
  </ItemGroup>
  <ItemGroup>
    <ResourceCompile Include="simulator1.rc">
      <Filter>Resource Files</Filter>
    </ResourceCompile>
  </ItemGroup>
</Project>